
Microsoft Visual Studio Solution File, Format Version 12.00
# Visual Studio Version 17
VisualStudioVersion = 17.3.32929.385
MinimumVisualStudioVersion = 10.0.40219.1
Project("{9A19103F-16F7-4668-BE54-9A1E7A4F7556}") = "SiteBibliothequeINSAT", "SiteBibliothequeINSAT\SiteBibliothequeINSAT.csproj", "{FFBED54B-D6A9-43F1-9CAD-C8A7E2755577}"
EndProject
Global
	GlobalSection(SolutionConfigurationPlatforms) = preSolution
		Debug|Any CPU = Debug|Any CPU
		Release|Any CPU = Release|Any CPU
	EndGlobalSection
	GlobalSection(ProjectConfigurationPlatforms) = postSolution
		{FFBED54B-D6A9-43F1-9CAD-C8A7E2755577}.Debug|Any CPU.ActiveCfg = Debug|Any CPU
		{FFBED54B-D6A9-43F1-9CAD-C8A7E2755577}.Debug|Any CPU.Build.0 = Debug|Any CPU
		{FFBED54B-D6A9-43F1-9CAD-C8A7E2755577}.Release|Any CPU.ActiveCfg = Release|Any CPU
		{FFBED54B-D6A9-43F1-9CAD-C8A7E2755577}.Release|Any CPU.Build.0 = Release|Any CPU
	EndGlobalSection
	GlobalSection(SolutionProperties) = preSolution
		HideSolutionNode = FALSE
	EndGlobalSection
	GlobalSection(ExtensibilityGlobals) = postSolution
		SolutionGuid = {E57D0A28-C9E4-4914-A960-A5D77651E158}
	EndGlobalSection
EndGlobal
